
Microsoft Visual Studio Solution File, Format Version 12.00
# Visual Studio Version 17
VisualStudioVersion = 17.6.33829.357
MinimumVisualStudioVersion = 10.0.40219.1
Project("{FAE04EC0-301F-11D3-BF4B-00C04F79EFBC}") = "LIFO", "LIFO\LIFO.csproj", "{E36FA074-D4FD-47C1-B41C-256E9D2CEC1E}"
EndProject
Global
	GlobalSection(SolutionConfigurationPlatforms) = preSolution
		Debug|Any CPU = Debug|Any CPU
		Release|Any CPU = Release|Any CPU
	EndGlobalSection
	GlobalSection(ProjectConfigurationPlatforms) = postSolution
		{E36FA074-D4FD-47C1-B41C-256E9D2CEC1E}.Debug|Any CPU.ActiveCfg = Debug|Any CPU
		{E36FA074-D4FD-47C1-B41C-256E9D2CEC1E}.Debug|Any CPU.Build.0 = Debug|Any CPU
		{E36FA074-D4FD-47C1-B41C-256E9D2CEC1E}.Release|Any CPU.ActiveCfg = Release|Any CPU
		{E36FA074-D4FD-47C1-B41C-256E9D2CEC1E}.Release|Any CPU.Build.0 = Release|Any CPU
	EndGlobalSection
	GlobalSection(SolutionProperties) = preSolution
		HideSolutionNode = FALSE
	EndGlobalSection
	GlobalSection(ExtensibilityGlobals) = postSolution
		SolutionGuid = {8923BB26-339F-412F-84BD-B4A1A967D747}
	EndGlobalSection
EndGlobal
